
Microsoft Visual Studio Solution File, Format Version 12.00
# Visual Studio Version 17
VisualStudioVersion = 17.9.34526.213
MinimumVisualStudioVersion = 10.0.40219.1
Project("{FAE04EC0-301F-11D3-BF4B-00C04F79EFBC}") = "Ejecicio_pagina_70", "Ejecicio_pagina_70\Ejecicio_pagina_70.csproj", "{A43A645A-1D3F-43A9-9649-83BC9B853117}"
EndProject
Global
	GlobalSection(SolutionConfigurationPlatforms) = preSolution
		Debug|Any CPU = Debug|Any CPU
		Release|Any CPU = Release|Any CPU
	EndGlobalSection
	GlobalSection(ProjectConfigurationPlatforms) = postSolution
		{A43A645A-1D3F-43A9-9649-83BC9B853117}.Debug|Any CPU.ActiveCfg = Debug|Any CPU
		{A43A645A-1D3F-43A9-9649-83BC9B853117}.Debug|Any CPU.Build.0 = Debug|Any CPU
		{A43A645A-1D3F-43A9-9649-83BC9B853117}.Release|Any CPU.ActiveCfg = Release|Any CPU
		{A43A645A-1D3F-43A9-9649-83BC9B853117}.Release|Any CPU.Build.0 = Release|Any CPU
	EndGlobalSection
	GlobalSection(SolutionProperties) = preSolution
		HideSolutionNode = FALSE
	EndGlobalSection
	GlobalSection(ExtensibilityGlobals) = postSolution
		SolutionGuid = {674FC851-5B2D-4E8E-8210-E68CCF6242F0}
	EndGlobalSection
EndGlobal
