
Microsoft Visual Studio Solution File, Format Version 12.00
# Visual Studio Version 17
VisualStudioVersion = 17.9.34526.213
MinimumVisualStudioVersion = 10.0.40219.1
Project("{FAE04EC0-301F-11D3-BF4B-00C04F79EFBC}") = "EJERCICIO_PAGINA_79", "EJERCICIO_PAGINA_79\EJERCICIO_PAGINA_79.csproj", "{5D60D73D-EF62-4670-849A-B61FA1A17489}"
EndProject
Global
	GlobalSection(SolutionConfigurationPlatforms) = preSolution
		Debug|Any CPU = Debug|Any CPU
		Release|Any CPU = Release|Any CPU
	EndGlobalSection
	GlobalSection(ProjectConfigurationPlatforms) = postSolution
		{5D60D73D-EF62-4670-849A-B61FA1A17489}.Debug|Any CPU.ActiveCfg = Debug|Any CPU
		{5D60D73D-EF62-4670-849A-B61FA1A17489}.Debug|Any CPU.Build.0 = Debug|Any CPU
		{5D60D73D-EF62-4670-849A-B61FA1A17489}.Release|Any CPU.ActiveCfg = Release|Any CPU
		{5D60D73D-EF62-4670-849A-B61FA1A17489}.Release|Any CPU.Build.0 = Release|Any CPU
	EndGlobalSection
	GlobalSection(SolutionProperties) = preSolution
		HideSolutionNode = FALSE
	EndGlobalSection
	GlobalSection(ExtensibilityGlobals) = postSolution
		SolutionGuid = {1BDFA16B-8AD3-4D1D-B0F1-D01677B9CC88}
	EndGlobalSection
EndGlobal
