
Microsoft Visual Studio Solution File, Format Version 12.00
# Visual Studio Version 17
VisualStudioVersion = 17.9.34723.18
MinimumVisualStudioVersion = 10.0.40219.1
Project("{FAE04EC0-301F-11D3-BF4B-00C04F79EFBC}") = "INVENTARIO DE MERCANCIA", "INVENTARIO DE MERCANCIA\INVENTARIO DE MERCANCIA.csproj", "{CDCB1939-F9E5-4BF5-B88F-DE4007DF819C}"
EndProject
Global
	GlobalSection(SolutionConfigurationPlatforms) = preSolution
		Debug|Any CPU = Debug|Any CPU
		Release|Any CPU = Release|Any CPU
	EndGlobalSection
	GlobalSection(ProjectConfigurationPlatforms) = postSolution
		{CDCB1939-F9E5-4BF5-B88F-DE4007DF819C}.Debug|Any CPU.ActiveCfg = Debug|Any CPU
		{CDCB1939-F9E5-4BF5-B88F-DE4007DF819C}.Debug|Any CPU.Build.0 = Debug|Any CPU
		{CDCB1939-F9E5-4BF5-B88F-DE4007DF819C}.Release|Any CPU.ActiveCfg = Release|Any CPU
		{CDCB1939-F9E5-4BF5-B88F-DE4007DF819C}.Release|Any CPU.Build.0 = Release|Any CPU
	EndGlobalSection
	GlobalSection(SolutionProperties) = preSolution
		HideSolutionNode = FALSE
	EndGlobalSection
	GlobalSection(ExtensibilityGlobals) = postSolution
		SolutionGuid = {D02939F6-D102-414C-87E5-A42D38F5132E}
	EndGlobalSection
EndGlobal
